{
  "requires": true,
  "lockfileVersion": 1,
  "dependencies": {
    "@types/jquery": {
      "version": "3.3.1",
      "resolved": "https://registry.npmjs.org/@types/jquery/-/jquery-3.3.1.tgz",
      "integrity": "sha512-N3h+rzN518yl2xKrW0o6KKdNmWZ+OwG6SoM5TBEQFF0tTv5wXPEsoOuYQ2Kt3/89XbcSZUJLdjiT/2c3BR/ApQ=="
    },
    "@types/signalr": {
      "version": "2.2.35",
      "resolved": "https://registry.npmjs.org/@types/signalr/-/signalr-2.2.35.tgz",
      "integrity": "sha512-YVIqZzmiNA8E1maMM57fqz44xJFTWxoNeuw3NfYv/j22lVhVXZeef1rOFo96ENpnrpEa+5ktKpDsGpozfKdTCw==",
      "requires": {
        "@types/jquery": "3.3.1"
      }
    },
    "jquery": {
      "version": "3.3.1",
      "resolved": "https://registry.npmjs.org/jquery/-/jquery-3.3.1.tgz",
      "integrity": "sha512-Ubldcmxp5np52/ENotGxlLe6aGMvmF4R8S6tZjsP6Knsaxd/xp3Zrh50cG93lR6nPXyUFwzN3ZSOQI0wRJNdGg=="
    },
    "ng-chat": {
      "version": "1.0.8",
      "resolved": "https://registry.npmjs.org/ng-chat/-/ng-chat-1.0.8.tgz",
      "integrity": "sha512-TTJxAZh8ODbLJpSKqa1lMauUvL57akvS+IqPNYmhe6sBCiaVJiQXJGaEHo95SXhaobMMRVyhqgEO48bKZ9faZw=="
    },
    "signalr": {
      "version": "2.2.3",
      "resolved": "https://registry.npmjs.org/signalr/-/signalr-2.2.3.tgz",
      "integrity": "sha1-1WTynpCg51TnzXPS38CsTKVPgmU=",
      "requires": {
        "jquery": "3.3.1"
      }
    }
  }
}
