{
  "requires": true,
  "lockfileVersion": 1,
  "dependencies": {
    "ng-chat": {
      "version": "1.0.8",
      "resolved": "https://registry.npmjs.org/ng-chat/-/ng-chat-1.0.8.tgz",
      "integrity": "sha512-TTJxAZh8ODbLJpSKqa1lMauUvL57akvS+IqPNYmhe6sBCiaVJiQXJGaEHo95SXhaobMMRVyhqgEO48bKZ9faZw=="
    }
  }
}
